
Microsoft Visual Studio Solution File, Format Version 12.00
# Visual Studio Version 17
VisualStudioVersion = 17.13.35919.96
MinimumVisualStudioVersion = 10.0.40219.1
Project("{FAE04EC0-301F-11D3-BF4B-00C04F79EFBC}") = "Peo.Core", "src\Peo.Core\Peo.Core.csproj", "{BDE536D7-1C0F-47D2-9A85-EB7E1F1853A5}"
EndProject
Project("{FAE04EC0-301F-11D3-BF4B-00C04F79EFBC}") = "Peo.IoC", "src\Peo.IoC\Peo.IoC.csproj", "{60353712-5020-4487-A0C2-7B2A84DD2D35}"
EndProject
Project("{FAE04EC0-301F-11D3-BF4B-00C04F79EFBC}") = "Peo.Core.Infra.Data", "src\Peo.Core.Infra.Data\Peo.Core.Infra.Data.csproj", "{54703411-5DE5-4CB6-B68E-CFC420E65160}"
EndProject
Project("{FAE04EC0-301F-11D3-BF4B-00C04F79EFBC}") = "Peo.Web.Api", "src\Peo.Web.Api\Peo.Web.Api.csproj", "{AEB2F526-2B65-42F7-BB6F-E2563BF51A9F}"
EndProject
Project("{FAE04EC0-301F-11D3-BF4B-00C04F79EFBC}") = "Peo.Identity.Domain", "src\Peo.Identity.Domain\Peo.Identity.Domain.csproj", "{6EA2CBDB-5F8E-458E-A13A-99EF4E2D1A08}"
EndProject
Project("{FAE04EC0-301F-11D3-BF4B-00C04F79EFBC}") = "Peo.Identity.Infra.Data", "src\Peo.Identity.Infra.Data\Peo.Identity.Infra.Data.csproj", "{A6D86B25-AF5B-4985-81C5-CF7F5ACD3C65}"
EndProject
Project("{2150E333-8FDC-42A3-9474-1A3956D46DE8}") = "Core", "Core", "{02EA681E-C7D8-13C7-8484-4AC65E1B71E8}"
EndProject
Project("{2150E333-8FDC-42A3-9474-1A3956D46DE8}") = "Web", "Web", "{EC8BC70B-78FE-4F07-9D03-C25C856C2F2E}"
EndProject
Project("{2150E333-8FDC-42A3-9474-1A3956D46DE8}") = "Identity", "Identity", "{A8C0840D-E2E4-40F1-9436-648EFC6FC9F8}"
EndProject
Project("{2150E333-8FDC-42A3-9474-1A3956D46DE8}") = "_Solution Items", "_Solution Items", "{8EC462FD-D22E-90A8-E5CE-7E832BA40C5D}"
	ProjectSection(SolutionItems) = preProject
		DEVELOPMENT.md = DEVELOPMENT.md
		README.md = README.md
	EndProjectSection
EndProject
Project("{FAE04EC0-301F-11D3-BF4B-00C04F79EFBC}") = "Peo.Identity.Application", "src\Peo.Identity.Application\Peo.Identity.Application.csproj", "{7D69AD3E-8376-4F06-9DE9-96FC69ABBF98}"
EndProject
Project("{FAE04EC0-301F-11D3-BF4B-00C04F79EFBC}") = "Peo.Core.Web", "src\Peo.Core.Web\Peo.Core.Web.csproj", "{A632C1F6-BB9B-4AD4-89EB-C6C275649FBE}"
EndProject
Global
	GlobalSection(SolutionConfigurationPlatforms) = preSolution
		Debug|Any CPU = Debug|Any CPU
		Release|Any CPU = Release|Any CPU
	EndGlobalSection
	GlobalSection(ProjectConfigurationPlatforms) = postSolution
		{BDE536D7-1C0F-47D2-9A85-EB7E1F1853A5}.Debug|Any CPU.ActiveCfg = Debug|Any CPU
		{BDE536D7-1C0F-47D2-9A85-EB7E1F1853A5}.Debug|Any CPU.Build.0 = Debug|Any CPU
		{BDE536D7-1C0F-47D2-9A85-EB7E1F1853A5}.Release|Any CPU.ActiveCfg = Release|Any CPU
		{BDE536D7-1C0F-47D2-9A85-EB7E1F1853A5}.Release|Any CPU.Build.0 = Release|Any CPU
		{60353712-5020-4487-A0C2-7B2A84DD2D35}.Debug|Any CPU.ActiveCfg = Debug|Any CPU
		{60353712-5020-4487-A0C2-7B2A84DD2D35}.Debug|Any CPU.Build.0 = Debug|Any CPU
		{60353712-5020-4487-A0C2-7B2A84DD2D35}.Release|Any CPU.ActiveCfg = Release|Any CPU
		{60353712-5020-4487-A0C2-7B2A84DD2D35}.Release|Any CPU.Build.0 = Release|Any CPU
		{54703411-5DE5-4CB6-B68E-CFC420E65160}.Debug|Any CPU.ActiveCfg = Debug|Any CPU
		{54703411-5DE5-4CB6-B68E-CFC420E65160}.Debug|Any CPU.Build.0 = Debug|Any CPU
		{54703411-5DE5-4CB6-B68E-CFC420E65160}.Release|Any CPU.ActiveCfg = Release|Any CPU
		{54703411-5DE5-4CB6-B68E-CFC420E65160}.Release|Any CPU.Build.0 = Release|Any CPU
		{AEB2F526-2B65-42F7-BB6F-E2563BF51A9F}.Debug|Any CPU.ActiveCfg = Debug|Any CPU
		{AEB2F526-2B65-42F7-BB6F-E2563BF51A9F}.Debug|Any CPU.Build.0 = Debug|Any CPU
		{AEB2F526-2B65-42F7-BB6F-E2563BF51A9F}.Release|Any CPU.ActiveCfg = Release|Any CPU
		{AEB2F526-2B65-42F7-BB6F-E2563BF51A9F}.Release|Any CPU.Build.0 = Release|Any CPU
		{6EA2CBDB-5F8E-458E-A13A-99EF4E2D1A08}.Debug|Any CPU.ActiveCfg = Debug|Any CPU
		{6EA2CBDB-5F8E-458E-A13A-99EF4E2D1A08}.Debug|Any CPU.Build.0 = Debug|Any CPU
		{6EA2CBDB-5F8E-458E-A13A-99EF4E2D1A08}.Release|Any CPU.ActiveCfg = Release|Any CPU
		{6EA2CBDB-5F8E-458E-A13A-99EF4E2D1A08}.Release|Any CPU.Build.0 = Release|Any CPU
		{A6D86B25-AF5B-4985-81C5-CF7F5ACD3C65}.Debug|Any CPU.ActiveCfg = Debug|Any CPU
		{A6D86B25-AF5B-4985-81C5-CF7F5ACD3C65}.Debug|Any CPU.Build.0 = Debug|Any CPU
		{A6D86B25-AF5B-4985-81C5-CF7F5ACD3C65}.Release|Any CPU.ActiveCfg = Release|Any CPU
		{A6D86B25-AF5B-4985-81C5-CF7F5ACD3C65}.Release|Any CPU.Build.0 = Release|Any CPU
		{7D69AD3E-8376-4F06-9DE9-96FC69ABBF98}.Debug|Any CPU.ActiveCfg = Debug|Any CPU
		{7D69AD3E-8376-4F06-9DE9-96FC69ABBF98}.Debug|Any CPU.Build.0 = Debug|Any CPU
		{7D69AD3E-8376-4F06-9DE9-96FC69ABBF98}.Release|Any CPU.ActiveCfg = Release|Any CPU
		{7D69AD3E-8376-4F06-9DE9-96FC69ABBF98}.Release|Any CPU.Build.0 = Release|Any CPU
		{A632C1F6-BB9B-4AD4-89EB-C6C275649FBE}.Debug|Any CPU.ActiveCfg = Debug|Any CPU
		{A632C1F6-BB9B-4AD4-89EB-C6C275649FBE}.Debug|Any CPU.Build.0 = Debug|Any CPU
		{A632C1F6-BB9B-4AD4-89EB-C6C275649FBE}.Release|Any CPU.ActiveCfg = Release|Any CPU
		{A632C1F6-BB9B-4AD4-89EB-C6C275649FBE}.Release|Any CPU.Build.0 = Release|Any CPU
	EndGlobalSection
	GlobalSection(SolutionProperties) = preSolution
		HideSolutionNode = FALSE
	EndGlobalSection
	GlobalSection(NestedProjects) = preSolution
		{BDE536D7-1C0F-47D2-9A85-EB7E1F1853A5} = {02EA681E-C7D8-13C7-8484-4AC65E1B71E8}
		{60353712-5020-4487-A0C2-7B2A84DD2D35} = {02EA681E-C7D8-13C7-8484-4AC65E1B71E8}
		{54703411-5DE5-4CB6-B68E-CFC420E65160} = {02EA681E-C7D8-13C7-8484-4AC65E1B71E8}
		{AEB2F526-2B65-42F7-BB6F-E2563BF51A9F} = {EC8BC70B-78FE-4F07-9D03-C25C856C2F2E}
		{6EA2CBDB-5F8E-458E-A13A-99EF4E2D1A08} = {A8C0840D-E2E4-40F1-9436-648EFC6FC9F8}
		{A6D86B25-AF5B-4985-81C5-CF7F5ACD3C65} = {A8C0840D-E2E4-40F1-9436-648EFC6FC9F8}
		{7D69AD3E-8376-4F06-9DE9-96FC69ABBF98} = {A8C0840D-E2E4-40F1-9436-648EFC6FC9F8}
		{A632C1F6-BB9B-4AD4-89EB-C6C275649FBE} = {02EA681E-C7D8-13C7-8484-4AC65E1B71E8}
	EndGlobalSection
	GlobalSection(ExtensibilityGlobals) = postSolution
		SolutionGuid = {50FD39FF-49FD-45CD-AE3A-176FC71D660F}
	EndGlobalSection
EndGlobal
